// !$*UTF8*$!
{
	archiveVersion = 1;
	classes = {
	};
	objectVersion = 77;
	objects = {

/* Begin PBXBuildFile section */
		079D93BD2D45B9C30045EA37 /* GENERIC.mp3 in Resources */ = {isa = PBXBuildFile; fileRef = 079D93BA2D45B9C30045EA37 /* GENERIC.mp3 */; };
		079D93BF2D45B9C30045EA37 /* GENERIC_R3.mp3 in Resources */ = {isa = PBXBuildFile; fileRef = 079D93B42D45B9C30045EA37 /* GENERIC_R3.mp3 */; };
		079D93C02D45B9C30045EA37 /* GENERIC_R0.mp3 in Resources */ = {isa = PBXBuildFile; fileRef = 079D93B12D45B9C30045EA37 /* GENERIC_R0.mp3 */; };
		079D93C22D45B9C30045EA37 /* GENERIC_R1.mp3 in Resources */ = {isa = PBXBuildFile; fileRef = 079D93B22D45B9C30045EA37 /* GENERIC_R1.mp3 */; };
		079D93C32D45B9C30045EA37 /* BACKSPACE.mp3 in Resources */ = {isa = PBXBuildFile; fileRef = 079D93AF2D45B9C30045EA37 /* BACKSPACE.mp3 */; };
		079D93C42D45B9C30045EA37 /* SPACE.mp3 in Resources */ = {isa = PBXBuildFile; fileRef = 079D93B62D45B9C30045EA37 /* SPACE.mp3 */; };
		079D93C52D45B9C30045EA37 /* GENERIC_R2.mp3 in Resources */ = {isa = PBXBuildFile; fileRef = 079D93B32D45B9C30045EA37 /* GENERIC_R2.mp3 */; };
		079D93C62D45B9C30045EA37 /* GENERIC_R4.mp3 in Resources */ = {isa = PBXBuildFile; fileRef = 079D93B52D45B9C30045EA37 /* GENERIC_R4.mp3 */; };
		079D93C82D45B9C30045EA37 /* ENTER.mp3 in Resources */ = {isa = PBXBuildFile; fileRef = 079D93B02D45B9C30045EA37 /* ENTER.mp3 */; };
		079D93D42D45BD540045EA37 /* SPACE_RELEASE.mp3 in Resources */ = {isa = PBXBuildFile; fileRef = 079D93D32D45BD540045EA37 /* SPACE_RELEASE.mp3 */; };
		079D93D52D45BD540045EA37 /* ENTER_RELEASE.mp3 in Resources */ = {isa = PBXBuildFile; fileRef = 079D93D22D45BD540045EA37 /* ENTER_RELEASE.mp3 */; };
		079D93D62D45BD540045EA37 /* BACKSPACE_RELEASE.mp3 in Resources */ = {isa = PBXBuildFile; fileRef = 079D93D12D45BD540045EA37 /* BACKSPACE_RELEASE.mp3 */; };
/* End PBXBuildFile section */

/* Begin PBXContainerItemProxy section */
		07891B5C2D40A83500DE5D7C /* PBXContainerItemProxy */ = {
			isa = PBXContainerItemProxy;
			containerPortal = 07891B3F2D40A83200DE5D7C /* Project object */;
			proxyType = 1;
			remoteGlobalIDString = 07891B462D40A83200DE5D7C;
			remoteInfo = feather;
		};
		07891B662D40A83500DE5D7C /* PBXContainerItemProxy */ = {
			isa = PBXContainerItemProxy;
			containerPortal = 07891B3F2D40A83200DE5D7C /* Project object */;
			proxyType = 1;
			remoteGlobalIDString = 07891B462D40A83200DE5D7C;
			remoteInfo = feather;
		};
/* End PBXContainerItemProxy section */

/* Begin PBXFileReference section */
		07891B472D40A83200DE5D7C /* feather.app */ = {isa = PBXFileReference; explicitFileType = wrapper.application; includeInIndex = 0; path = feather.app; sourceTree = BUILT_PRODUCTS_DIR; };
		07891B5B2D40A83500DE5D7C /* featherTests.xctest */ = {isa = PBXFileReference; explicitFileType = wrapper.cfbundle; includeInIndex = 0; path = featherTests.xctest; sourceTree = BUILT_PRODUCTS_DIR; };
		07891B652D40A83500DE5D7C /* featherUITests.xctest */ = {isa = PBXFileReference; explicitFileType = wrapper.cfbundle; includeInIndex = 0; path = featherUITests.xctest; sourceTree = BUILT_PRODUCTS_DIR; };
		079D93AF2D45B9C30045EA37 /* BACKSPACE.mp3 */ = {isa = PBXFileReference; lastKnownFileType = audio.mp3; path = BACKSPACE.mp3; sourceTree = "<group>"; };
		079D93B02D45B9C30045EA37 /* ENTER.mp3 */ = {isa = PBXFileReference; lastKnownFileType = audio.mp3; path = ENTER.mp3; sourceTree = "<group>"; };
		079D93B12D45B9C30045EA37 /* GENERIC_R0.mp3 */ = {isa = PBXFileReference; lastKnownFileType = audio.mp3; path = GENERIC_R0.mp3; sourceTree = "<group>"; };
		079D93B22D45B9C30045EA37 /* GENERIC_R1.mp3 */ = {isa = PBXFileReference; lastKnownFileType = audio.mp3; path = GENERIC_R1.mp3; sourceTree = "<group>"; };
		079D93B32D45B9C30045EA37 /* GENERIC_R2.mp3 */ = {isa = PBXFileReference; lastKnownFileType = audio.mp3; path = GENERIC_R2.mp3; sourceTree = "<group>"; };
		079D93B42D45B9C30045EA37 /* GENERIC_R3.mp3 */ = {isa = PBXFileReference; lastKnownFileType = audio.mp3; path = GENERIC_R3.mp3; sourceTree = "<group>"; };
		079D93B52D45B9C30045EA37 /* GENERIC_R4.mp3 */ = {isa = PBXFileReference; lastKnownFileType = audio.mp3; path = GENERIC_R4.mp3; sourceTree = "<group>"; };
		079D93B62D45B9C30045EA37 /* SPACE.mp3 */ = {isa = PBXFileReference; lastKnownFileType = audio.mp3; path = SPACE.mp3; sourceTree = "<group>"; };
		079D93BA2D45B9C30045EA37 /* GENERIC.mp3 */ = {isa = PBXFileReference; lastKnownFileType = audio.mp3; path = GENERIC.mp3; sourceTree = "<group>"; };
		079D93D12D45BD540045EA37 /* BACKSPACE_RELEASE.mp3 */ = {isa = PBXFileReference; lastKnownFileType = audio.mp3; path = BACKSPACE_RELEASE.mp3; sourceTree = "<group>"; };
		079D93D22D45BD540045EA37 /* ENTER_RELEASE.mp3 */ = {isa = PBXFileReference; lastKnownFileType = audio.mp3; name = ENTER_RELEASE.mp3; path = Sounds/cream/release/ENTER_RELEASE.mp3; sourceTree = SOURCE_ROOT; };
		079D93D32D45BD540045EA37 /* SPACE_RELEASE.mp3 */ = {isa = PBXFileReference; lastKnownFileType = audio.mp3; path = SPACE_RELEASE.mp3; sourceTree = "<group>"; };
/* End PBXFileReference section */

/* Begin PBXFileSystemSynchronizedRootGroup section */
		07891B492D40A83200DE5D7C /* feather */ = {
			isa = PBXFileSystemSynchronizedRootGroup;
			path = feather;
			sourceTree = "<group>";
		};
		07891B5E2D40A83500DE5D7C /* featherTests */ = {
			isa = PBXFileSystemSynchronizedRootGroup;
			path = featherTests;
			sourceTree = "<group>";
		};
		07891B682D40A83500DE5D7C /* featherUITests */ = {
			isa = PBXFileSystemSynchronizedRootGroup;
			path = featherUITests;
			sourceTree = "<group>";
		};
/* End PBXFileSystemSynchronizedRootGroup section */

/* Begin PBXFrameworksBuildPhase section */
		07891B442D40A83200DE5D7C /* Frameworks */ = {
			isa = PBXFrameworksBuildPhase;
			buildActionMask = 2147483647;
			files = (
			);
			runOnlyForDeploymentPostprocessing = 0;
		};
		07891B582D40A83500DE5D7C /* Frameworks */ = {
			isa = PBXFrameworksBuildPhase;
			buildActionMask = 2147483647;
			files = (
			);
			runOnlyForDeploymentPostprocessing = 0;
		};
		07891B622D40A83500DE5D7C /* Frameworks */ = {
			isa = PBXFrameworksBuildPhase;
			buildActionMask = 2147483647;
			files = (
			);
			runOnlyForDeploymentPostprocessing = 0;
		};
/* End PBXFrameworksBuildPhase section */

/* Begin PBXGroup section */
		07891B3E2D40A83200DE5D7C = {
			isa = PBXGroup;
			children = (
				079D935B2D4104160045EA37 /* Sounds */,
				07891B492D40A83200DE5D7C /* feather */,
				07891B5E2D40A83500DE5D7C /* featherTests */,
				07891B682D40A83500DE5D7C /* featherUITests */,
				07891B482D40A83200DE5D7C /* Products */,
			);
			sourceTree = "<group>";
		};
		07891B482D40A83200DE5D7C /* Products */ = {
			isa = PBXGroup;
			children = (
				07891B472D40A83200DE5D7C /* feather.app */,
				07891B5B2D40A83500DE5D7C /* featherTests.xctest */,
				07891B652D40A83500DE5D7C /* featherUITests.xctest */,
			);
			name = Products;
			sourceTree = "<group>";
		};
		079D935B2D4104160045EA37 /* Sounds */ = {
			isa = PBXGroup;
			children = (
				079D93AE2D45B9A10045EA37 /* cream */,
			);
			path = Sounds;
			sourceTree = "<group>";
		};
		079D93AE2D45B9A10045EA37 /* cream */ = {
			isa = PBXGroup;
			children = (
				079D93B72D45B9C30045EA37 /* press */,
				079D93BC2D45B9C30045EA37 /* release */,
			);
			path = cream;
			sourceTree = "<group>";
		};
		079D93B72D45B9C30045EA37 /* press */ = {
			isa = PBXGroup;
			children = (
				079D93AF2D45B9C30045EA37 /* BACKSPACE.mp3 */,
				079D93B02D45B9C30045EA37 /* ENTER.mp3 */,
				079D93B12D45B9C30045EA37 /* GENERIC_R0.mp3 */,
				079D93B22D45B9C30045EA37 /* GENERIC_R1.mp3 */,
				079D93B32D45B9C30045EA37 /* GENERIC_R2.mp3 */,
				079D93B42D45B9C30045EA37 /* GENERIC_R3.mp3 */,
				079D93B52D45B9C30045EA37 /* GENERIC_R4.mp3 */,
				079D93B62D45B9C30045EA37 /* SPACE.mp3 */,
			);
			path = press;
			sourceTree = "<group>";
		};
		079D93BC2D45B9C30045EA37 /* release */ = {
			isa = PBXGroup;
			children = (
				079D93BA2D45B9C30045EA37 /* GENERIC.mp3 */,
				079D93D12D45BD540045EA37 /* BACKSPACE_RELEASE.mp3 */,
				079D93D22D45BD540045EA37 /* ENTER_RELEASE.mp3 */,
				079D93D32D45BD540045EA37 /* SPACE_RELEASE.mp3 */,
			);
			path = release;
			sourceTree = "<group>";
		};
/* End PBXGroup section */

/* Begin PBXNativeTarget section */
		07891B462D40A83200DE5D7C /* feather */ = {
			isa = PBXNativeTarget;
			buildConfigurationList = 07891B6F2D40A83500DE5D7C /* Build configuration list for PBXNativeTarget "feather" */;
			buildPhases = (
				07891B432D40A83200DE5D7C /* Sources */,
				07891B442D40A83200DE5D7C /* Frameworks */,
				07891B452D40A83200DE5D7C /* Resources */,
			);
			buildRules = (
			);
			dependencies = (
			);
			fileSystemSynchronizedGroups = (
				07891B492D40A83200DE5D7C /* feather */,
			);
			name = feather;
			packageProductDependencies = (
			);
			productName = feather;
			productReference = 07891B472D40A83200DE5D7C /* feather.app */;
			productType = "com.apple.product-type.application";
		};
		07891B5A2D40A83500DE5D7C /* featherTests */ = {
			isa = PBXNativeTarget;
			buildConfigurationList = 07891B722D40A83500DE5D7C /* Build configuration list for PBXNativeTarget "featherTests" */;
			buildPhases = (
				07891B572D40A83500DE5D7C /* Sources */,
				07891B582D40A83500DE5D7C /* Frameworks */,
				07891B592D40A83500DE5D7C /* Resources */,
			);
			buildRules = (
			);
			dependencies = (
				07891B5D2D40A83500DE5D7C /* PBXTargetDependency */,
			);
			fileSystemSynchronizedGroups = (
				07891B5E2D40A83500DE5D7C /* featherTests */,
			);
			name = featherTests;
			packageProductDependencies = (
			);
			productName = featherTests;
			productReference = 07891B5B2D40A83500DE5D7C /* featherTests.xctest */;
			productType = "com.apple.product-type.bundle.unit-test";
		};
		07891B642D40A83500DE5D7C /* featherUITests */ = {
			isa = PBXNativeTarget;
			buildConfigurationList = 07891B752D40A83500DE5D7C /* Build configuration list for PBXNativeTarget "featherUITests" */;
			buildPhases = (
				07891B612D40A83500DE5D7C /* Sources */,
				07891B622D40A83500DE5D7C /* Frameworks */,
				07891B632D40A83500DE5D7C /* Resources */,
			);
			buildRules = (
			);
			dependencies = (
				07891B672D40A83500DE5D7C /* PBXTargetDependency */,
			);
			fileSystemSynchronizedGroups = (
				07891B682D40A83500DE5D7C /* featherUITests */,
			);
			name = featherUITests;
			packageProductDependencies = (
			);
			productName = featherUITests;
			productReference = 07891B652D40A83500DE5D7C /* featherUITests.xctest */;
			productType = "com.apple.product-type.bundle.ui-testing";
		};
/* End PBXNativeTarget section */

/* Begin PBXProject section */
		07891B3F2D40A83200DE5D7C /* Project object */ = {
			isa = PBXProject;
			attributes = {
				BuildIndependentTargetsInParallel = 1;
				LastSwiftUpdateCheck = 1620;
				LastUpgradeCheck = 1620;
				TargetAttributes = {
					07891B462D40A83200DE5D7C = {
						CreatedOnToolsVersion = 16.2;
					};
					07891B5A2D40A83500DE5D7C = {
						CreatedOnToolsVersion = 16.2;
						TestTargetID = 07891B462D40A83200DE5D7C;
					};
					07891B642D40A83500DE5D7C = {
						CreatedOnToolsVersion = 16.2;
						TestTargetID = 07891B462D40A83200DE5D7C;
					};
				};
			};
			buildConfigurationList = 07891B422D40A83200DE5D7C /* Build configuration list for PBXProject "feather" */;
			developmentRegion = en;
			hasScannedForEncodings = 0;
			knownRegions = (
				en,
				Base,
			);
			mainGroup = 07891B3E2D40A83200DE5D7C;
			minimizedProjectReferenceProxies = 1;
			preferredProjectObjectVersion = 77;
			productRefGroup = 07891B482D40A83200DE5D7C /* Products */;
			projectDirPath = "";
			projectRoot = "";
			targets = (
				07891B462D40A83200DE5D7C /* feather */,
				07891B5A2D40A83500DE5D7C /* featherTests */,
				07891B642D40A83500DE5D7C /* featherUITests */,
			);
		};
/* End PBXProject section */

/* Begin PBXResourcesBuildPhase section */
		07891B452D40A83200DE5D7C /* Resources */ = {
			isa = PBXResourcesBuildPhase;
			buildActionMask = 2147483647;
			files = (
				079D93D42D45BD540045EA37 /* SPACE_RELEASE.mp3 in Resources */,
				079D93D52D45BD540045EA37 /* ENTER_RELEASE.mp3 in Resources */,
				079D93D62D45BD540045EA37 /* BACKSPACE_RELEASE.mp3 in Resources */,
				079D93BD2D45B9C30045EA37 /* GENERIC.mp3 in Resources */,
				079D93BF2D45B9C30045EA37 /* GENERIC_R3.mp3 in Resources */,
				079D93C02D45B9C30045EA37 /* GENERIC_R0.mp3 in Resources */,
				079D93C22D45B9C30045EA37 /* GENERIC_R1.mp3 in Resources */,
				079D93C32D45B9C30045EA37 /* BACKSPACE.mp3 in Resources */,
				079D93C42D45B9C30045EA37 /* SPACE.mp3 in Resources */,
				079D93C52D45B9C30045EA37 /* GENERIC_R2.mp3 in Resources */,
				079D93C62D45B9C30045EA37 /* GENERIC_R4.mp3 in Resources */,
				079D93C82D45B9C30045EA37 /* ENTER.mp3 in Resources */,
			);
			runOnlyForDeploymentPostprocessing = 0;
		};
		07891B592D40A83500DE5D7C /* Resources */ = {
			isa = PBXResourcesBuildPhase;
			buildActionMask = 2147483647;
			files = (
			);
			runOnlyForDeploymentPostprocessing = 0;
		};
		07891B632D40A83500DE5D7C /* Resources */ = {
			isa = PBXResourcesBuildPhase;
			buildActionMask = 2147483647;
			files = (
			);
			runOnlyForDeploymentPostprocessing = 0;
		};
/* End PBXResourcesBuildPhase section */

/* Begin PBXSourcesBuildPhase section */
		07891B432D40A83200DE5D7C /* Sources */ = {
			isa = PBXSourcesBuildPhase;
			buildActionMask = 2147483647;
			files = (
			);
			runOnlyForDeploymentPostprocessing = 0;
		};
		07891B572D40A83500DE5D7C /* Sources */ = {
			isa = PBXSourcesBuildPhase;
			buildActionMask = 2147483647;
			files = (
			);
			runOnlyForDeploymentPostprocessing = 0;
		};
		07891B612D40A83500DE5D7C /* Sources */ = {
			isa = PBXSourcesBuildPhase;
			buildActionMask = 2147483647;
			files = (
			);
			runOnlyForDeploymentPostprocessing = 0;
		};
/* End PBXSourcesBuildPhase section */

/* Begin PBXTargetDependency section */
		07891B5D2D40A83500DE5D7C /* PBXTargetDependency */ = {
			isa = PBXTargetDependency;
			target = 07891B462D40A83200DE5D7C /* feather */;
			targetProxy = 07891B5C2D40A83500DE5D7C /* PBXContainerItemProxy */;
		};
		07891B672D40A83500DE5D7C /* PBXTargetDependency */ = {
			isa = PBXTargetDependency;
			target = 07891B462D40A83200DE5D7C /* feather */;
			targetProxy = 07891B662D40A83500DE5D7C /* PBXContainerItemProxy */;
		};
/* End PBXTargetDependency section */

/* Begin XCBuildConfiguration section */
		07891B6D2D40A83500DE5D7C /* Debug */ = {
			isa = XCBuildConfiguration;
			buildSettings = {
				ALWAYS_SEARCH_USER_PATHS = NO;
				ASSETCATALOG_COMPILER_GENERATE_SWIFT_ASSET_SYMBOL_EXTENSIONS = YES;
				CLANG_ANALYZER_NONNULL = YES;
				CLANG_ANALYZER_NUMBER_OBJECT_CONVERSION = YES_AGGRESSIVE;
				CLANG_CXX_LANGUAGE_STANDARD = "gnu++20";
				CLANG_ENABLE_MODULES = YES;
				CLANG_ENABLE_OBJC_ARC = YES;
				CLANG_ENABLE_OBJC_WEAK = YES;
				CLANG_WARN_BLOCK_CAPTURE_AUTORELEASING = YES;
				CLANG_WARN_BOOL_CONVERSION = YES;
				CLANG_WARN_COMMA = YES;
				CLANG_WARN_CONSTANT_CONVERSION = YES;
				CLANG_WARN_DEPRECATED_OBJC_IMPLEMENTATIONS = YES;
				CLANG_WARN_DIRECT_OBJC_ISA_USAGE = YES_ERROR;
				CLANG_WARN_DOCUMENTATION_COMMENTS = YES;
				CLANG_WARN_EMPTY_BODY = YES;
				CLANG_WARN_ENUM_CONVERSION = YES;
				CLANG_WARN_INFINITE_RECURSION = YES;
				CLANG_WARN_INT_CONVERSION = YES;
				CLANG_WARN_NON_LITERAL_NULL_CONVERSION = YES;
				CLANG_WARN_OBJC_IMPLICIT_RETAIN_SELF = YES;
				CLANG_WARN_OBJC_LITERAL_CONVERSION = YES;
				CLANG_WARN_OBJC_ROOT_CLASS = YES_ERROR;
				CLANG_WARN_QUOTED_INCLUDE_IN_FRAMEWORK_HEADER = YES;
				CLANG_WARN_RANGE_LOOP_ANALYSIS = YES;
				CLANG_WARN_STRICT_PROTOTYPES = YES;
				CLANG_WARN_SUSPICIOUS_MOVE = YES;
				CLANG_WARN_UNGUARDED_AVAILABILITY = YES_AGGRESSIVE;
				CLANG_WARN_UNREACHABLE_CODE = YES;
				CLANG_WARN__DUPLICATE_METHOD_MATCH = YES;
				COPY_PHASE_STRIP = NO;
				DEBUG_INFORMATION_FORMAT = dwarf;
				ENABLE_STRICT_OBJC_MSGSEND = YES;
				ENABLE_TESTABILITY = YES;
				ENABLE_USER_SCRIPT_SANDBOXING = YES;
				GCC_C_LANGUAGE_STANDARD = gnu17;
				GCC_DYNAMIC_NO_PIC = NO;
				GCC_NO_COMMON_BLOCKS = YES;
				GCC_OPTIMIZATION_LEVEL = 0;
				GCC_PREPROCESSOR_DEFINITIONS = (
					"DEBUG=1",
					"$(inherited)",
				);
				GCC_WARN_64_TO_32_BIT_CONVERSION = YES;
				GCC_WARN_ABOUT_RETURN_TYPE = YES_ERROR;
				GCC_WARN_UNDECLARED_SELECTOR = YES;
				GCC_WARN_UNINITIALIZED_AUTOS = YES_AGGRESSIVE;
				GCC_WARN_UNUSED_FUNCTION = YES;
				GCC_WARN_UNUSED_VARIABLE = YES;
				LOCALIZATION_PREFERS_STRING_CATALOGS = YES;
				MACOSX_DEPLOYMENT_TARGET = 15.1;
				MTL_ENABLE_DEBUG_INFO = INCLUDE_SOURCE;
				MTL_FAST_MATH = YES;
				ONLY_ACTIVE_ARCH = YES;
				SDKROOT = macosx;
				SWIFT_ACTIVE_COMPILATION_CONDITIONS = "DEBUG $(inherited)";
				SWIFT_OPTIMIZATION_LEVEL = "-Onone";
			};
			name = Debug;
		};
		07891B6E2D40A83500DE5D7C /* Release */ = {
			isa = XCBuildConfiguration;
			buildSettings = {
				ALWAYS_SEARCH_USER_PATHS = NO;
				ASSETCATALOG_COMPILER_GENERATE_SWIFT_ASSET_SYMBOL_EXTENSIONS = YES;
				CLANG_ANALYZER_NONNULL = YES;
				CLANG_ANALYZER_NUMBER_OBJECT_CONVERSION = YES_AGGRESSIVE;
				CLANG_CXX_LANGUAGE_STANDARD = "gnu++20";
				CLANG_ENABLE_MODULES = YES;
				CLANG_ENABLE_OBJC_ARC = YES;
				CLANG_ENABLE_OBJC_WEAK = YES;
				CLANG_WARN_BLOCK_CAPTURE_AUTORELEASING = YES;
				CLANG_WARN_BOOL_CONVERSION = YES;
				CLANG_WARN_COMMA = YES;
				CLANG_WARN_CONSTANT_CONVERSION = YES;
				CLANG_WARN_DEPRECATED_OBJC_IMPLEMENTATIONS = YES;
				CLANG_WARN_DIRECT_OBJC_ISA_USAGE = YES_ERROR;
				CLANG_WARN_DOCUMENTATION_COMMENTS = YES;
				CLANG_WARN_EMPTY_BODY = YES;
				CLANG_WARN_ENUM_CONVERSION = YES;
				CLANG_WARN_INFINITE_RECURSION = YES;
				CLANG_WARN_INT_CONVERSION = YES;
				CLANG_WARN_NON_LITERAL_NULL_CONVERSION = YES;
				CLANG_WARN_OBJC_IMPLICIT_RETAIN_SELF = YES;
				CLANG_WARN_OBJC_LITERAL_CONVERSION = YES;
				CLANG_WARN_OBJC_ROOT_CLASS = YES_ERROR;
				CLANG_WARN_QUOTED_INCLUDE_IN_FRAMEWORK_HEADER = YES;
				CLANG_WARN_RANGE_LOOP_ANALYSIS = YES;
				CLANG_WARN_STRICT_PROTOTYPES = YES;
				CLANG_WARN_SUSPICIOUS_MOVE = YES;
				CLANG_WARN_UNGUARDED_AVAILABILITY = YES_AGGRESSIVE;
				CLANG_WARN_UNREACHABLE_CODE = YES;
				CLANG_WARN__DUPLICATE_METHOD_MATCH = YES;
				COPY_PHASE_STRIP = NO;
				DEBUG_INFORMATION_FORMAT = "dwarf-with-dsym";
				ENABLE_NS_ASSERTIONS = NO;
				ENABLE_STRICT_OBJC_MSGSEND = YES;
				ENABLE_USER_SCRIPT_SANDBOXING = YES;
				GCC_C_LANGUAGE_STANDARD = gnu17;
				GCC_NO_COMMON_BLOCKS = YES;
				GCC_WARN_64_TO_32_BIT_CONVERSION = YES;
				GCC_WARN_ABOUT_RETURN_TYPE = YES_ERROR;
				GCC_WARN_UNDECLARED_SELECTOR = YES;
				GCC_WARN_UNINITIALIZED_AUTOS = YES_AGGRESSIVE;
				GCC_WARN_UNUSED_FUNCTION = YES;
				GCC_WARN_UNUSED_VARIABLE = YES;
				LOCALIZATION_PREFERS_STRING_CATALOGS = YES;
				MACOSX_DEPLOYMENT_TARGET = 15.1;
				MTL_ENABLE_DEBUG_INFO = NO;
				MTL_FAST_MATH = YES;
				SDKROOT = macosx;
				SWIFT_COMPILATION_MODE = wholemodule;
			};
			name = Release;
		};
		07891B702D40A83500DE5D7C /* Debug */ = {
			isa = XCBuildConfiguration;
			buildSettings = {
				ASSETCATALOG_COMPILER_APPICON_NAME = AppIcon;
				ASSETCATALOG_COMPILER_GLOBAL_ACCENT_COLOR_NAME = AccentColor;
				ASSETCATALOG_COMPILER_INCLUDE_ALL_APPICON_ASSETS = YES;
				CODE_SIGN_ENTITLEMENTS = feather/feather.entitlements;
				CODE_SIGN_IDENTITY = "Apple Development";
				"CODE_SIGN_IDENTITY[sdk=macosx*]" = "Apple Development";
				CODE_SIGN_STYLE = Automatic;
				COMBINE_HIDPI_IMAGES = YES;
				CURRENT_PROJECT_VERSION = 1;
				DEVELOPMENT_TEAM = ZRW55A26UB;
				ENABLE_HARDENED_RUNTIME = YES;
				GENERATE_INFOPLIST_FILE = YES;
				INFOPLIST_FILE = feather/Info.plist;
				INFOPLIST_KEY_LSApplicationCategoryType = "public.app-category.utilities";
				INFOPLIST_KEY_LSUIElement = YES;
				INFOPLIST_KEY_NSHumanReadableCopyright = "";
				INFOPLIST_KEY_NSMainStoryboardFile = Main;
				INFOPLIST_KEY_NSPrincipalClass = NSApplication;
				INFOPLIST_KEY_NSSystemAdministrationUsageDescription = "";
				LD_RUNPATH_SEARCH_PATHS = (
					"$(inherited)",
					"@executable_path/../Frameworks",
				);
				MARKETING_VERSION = 1.0;
				PRODUCT_BUNDLE_IDENTIFIER = thesameeric.feather;
				PRODUCT_NAME = "$(TARGET_NAME)";
				PROVISIONING_PROFILE_SPECIFIER = "";
				SWIFT_EMIT_LOC_STRINGS = YES;
				SWIFT_VERSION = 5.0;
			};
			name = Debug;
		};
		07891B712D40A83500DE5D7C /* Release */ = {
			isa = XCBuildConfiguration;
			buildSettings = {
				ASSETCATALOG_COMPILER_APPICON_NAME = AppIcon;
				ASSETCATALOG_COMPILER_GLOBAL_ACCENT_COLOR_NAME = AccentColor;
				ASSETCATALOG_COMPILER_INCLUDE_ALL_APPICON_ASSETS = YES;
				CODE_SIGN_ENTITLEMENTS = feather/feather.entitlements;
				CODE_SIGN_IDENTITY = "Apple Development";
				"CODE_SIGN_IDENTITY[sdk=macosx*]" = "Apple Development";
				CODE_SIGN_STYLE = Automatic;
				COMBINE_HIDPI_IMAGES = YES;
				CURRENT_PROJECT_VERSION = 1;
				DEVELOPMENT_TEAM = ZRW55A26UB;
				ENABLE_HARDENED_RUNTIME = YES;
				GENERATE_INFOPLIST_FILE = YES;
				INFOPLIST_FILE = feather/Info.plist;
				INFOPLIST_KEY_LSApplicationCategoryType = "public.app-category.utilities";
				INFOPLIST_KEY_LSUIElement = YES;
				INFOPLIST_KEY_NSHumanReadableCopyright = "";
				INFOPLIST_KEY_NSMainStoryboardFile = Main;
				INFOPLIST_KEY_NSPrincipalClass = NSApplication;
				INFOPLIST_KEY_NSSystemAdministrationUsageDescription = "";
				LD_RUNPATH_SEARCH_PATHS = (
					"$(inherited)",
					"@executable_path/../Frameworks",
				);
				MARKETING_VERSION = 1.0;
				PRODUCT_BUNDLE_IDENTIFIER = thesameeric.feather;
				PRODUCT_NAME = "$(TARGET_NAME)";
				PROVISIONING_PROFILE_SPECIFIER = "";
				SWIFT_EMIT_LOC_STRINGS = YES;
				SWIFT_VERSION = 5.0;
			};
			name = Release;
		};
		07891B732D40A83500DE5D7C /* Debug */ = {
			isa = XCBuildConfiguration;
			buildSettings = {
				BUNDLE_LOADER = "$(TEST_HOST)";
				CODE_SIGN_STYLE = Automatic;
				CURRENT_PROJECT_VERSION = 1;
				DEVELOPMENT_TEAM = ZRW55A26UB;
				GENERATE_INFOPLIST_FILE = YES;
				MACOSX_DEPLOYMENT_TARGET = 15.1;
				MARKETING_VERSION = 1.0;
				PRODUCT_BUNDLE_IDENTIFIER = thesameeric.featherTests;
				PRODUCT_NAME = "$(TARGET_NAME)";
				SWIFT_EMIT_LOC_STRINGS = NO;
				SWIFT_VERSION = 5.0;
				TEST_HOST = "$(BUILT_PRODUCTS_DIR)/feather.app/$(BUNDLE_EXECUTABLE_FOLDER_PATH)/feather";
			};
			name = Debug;
		};
		07891B742D40A83500DE5D7C /* Release */ = {
			isa = XCBuildConfiguration;
			buildSettings = {
				BUNDLE_LOADER = "$(TEST_HOST)";
				CODE_SIGN_STYLE = Automatic;
				CURRENT_PROJECT_VERSION = 1;
				DEVELOPMENT_TEAM = ZRW55A26UB;
				GENERATE_INFOPLIST_FILE = YES;
				MACOSX_DEPLOYMENT_TARGET = 15.1;
				MARKETING_VERSION = 1.0;
				PRODUCT_BUNDLE_IDENTIFIER = thesameeric.featherTests;
				PRODUCT_NAME = "$(TARGET_NAME)";
				SWIFT_EMIT_LOC_STRINGS = NO;
				SWIFT_VERSION = 5.0;
				TEST_HOST = "$(BUILT_PRODUCTS_DIR)/feather.app/$(BUNDLE_EXECUTABLE_FOLDER_PATH)/feather";
			};
			name = Release;
		};
		07891B762D40A83500DE5D7C /* Debug */ = {
			isa = XCBuildConfiguration;
			buildSettings = {
				CODE_SIGN_STYLE = Automatic;
				CURRENT_PROJECT_VERSION = 1;
				DEVELOPMENT_TEAM = ZRW55A26UB;
				GENERATE_INFOPLIST_FILE = YES;
				MARKETING_VERSION = 1.0;
				PRODUCT_BUNDLE_IDENTIFIER = thesameeric.featherUITests;
				PRODUCT_NAME = "$(TARGET_NAME)";
				SWIFT_EMIT_LOC_STRINGS = NO;
				SWIFT_VERSION = 5.0;
				TEST_TARGET_NAME = feather;
			};
			name = Debug;
		};
		07891B772D40A83500DE5D7C /* Release */ = {
			isa = XCBuildConfiguration;
			buildSettings = {
				CODE_SIGN_STYLE = Automatic;
				CURRENT_PROJECT_VERSION = 1;
				DEVELOPMENT_TEAM = ZRW55A26UB;
				GENERATE_INFOPLIST_FILE = YES;
				MARKETING_VERSION = 1.0;
				PRODUCT_BUNDLE_IDENTIFIER = thesameeric.featherUITests;
				PRODUCT_NAME = "$(TARGET_NAME)";
				SWIFT_EMIT_LOC_STRINGS = NO;
				SWIFT_VERSION = 5.0;
				TEST_TARGET_NAME = feather;
			};
			name = Release;
		};
/* End XCBuildConfiguration section */

/* Begin XCConfigurationList section */
		07891B422D40A83200DE5D7C /* Build configuration list for PBXProject "feather" */ = {
			isa = XCConfigurationList;
			buildConfigurations = (
				07891B6D2D40A83500DE5D7C /* Debug */,
				07891B6E2D40A83500DE5D7C /* Release */,
			);
			defaultConfigurationIsVisible = 0;
			defaultConfigurationName = Release;
		};
		07891B6F2D40A83500DE5D7C /* Build configuration list for PBXNativeTarget "feather" */ = {
			isa = XCConfigurationList;
			buildConfigurations = (
				07891B702D40A83500DE5D7C /* Debug */,
				07891B712D40A83500DE5D7C /* Release */,
			);
			defaultConfigurationIsVisible = 0;
			defaultConfigurationName = Release;
		};
		07891B722D40A83500DE5D7C /* Build configuration list for PBXNativeTarget "featherTests" */ = {
			isa = XCConfigurationList;
			buildConfigurations = (
				07891B732D40A83500DE5D7C /* Debug */,
				07891B742D40A83500DE5D7C /* Release */,
			);
			defaultConfigurationIsVisible = 0;
			defaultConfigurationName = Release;
		};
		07891B752D40A83500DE5D7C /* Build configuration list for PBXNativeTarget "featherUITests" */ = {
			isa = XCConfigurationList;
			buildConfigurations = (
				07891B762D40A83500DE5D7C /* Debug */,
				07891B772D40A83500DE5D7C /* Release */,
			);
			defaultConfigurationIsVisible = 0;
			defaultConfigurationName = Release;
		};
/* End XCConfigurationList section */
	};
	rootObject = 07891B3F2D40A83200DE5D7C /* Project object */;
}
